// !$*UTF8*$!
{
	archiveVersion = 1;
	classes = {
	};
	objectVersion = 46;
	objects = {

/* Begin PBXBuildFile section */
		DF2A0B1716633B280010109F /* PacViewer.h in Headers */ = {isa = PBXBuildFile; fileRef = DF2A0B1516633B280010109F /* PacViewer.h */; };
		DF2A0B1816633B280010109F /* PacViewer.m in Sources */ = {isa = PBXBuildFile; fileRef = DF2A0B1616633B280010109F /* PacViewer.m */; };
		DF367D791665BC180000907C /* CustomLog.h in Headers */ = {isa = PBXBuildFile; fileRef = DF367D771665BC180000907C /* CustomLog.h */; };
		DF367D7A1665BC180000907C /* CustomLog.m in Sources */ = {isa = PBXBuildFile; fileRef = DF367D781665BC180000907C /* CustomLog.m */; };
		DFF21F51165F423100E1C91B /* Foundation.framework in Frameworks */ = {isa = PBXBuildFile; fileRef = DFF21F50165F423100E1C91B /* Foundation.framework */; };
		DFF21F53165F423100E1C91B /* UIKit.framework in Frameworks */ = {isa = PBXBuildFile; fileRef = DFF21F52165F423100E1C91B /* UIKit.framework */; };
		DFF21F5E165F423100E1C91B /* NCProxySwitcherController.m in Sources */ = {isa = PBXBuildFile; fileRef = DFF21F5D165F423100E1C91B /* NCProxySwitcherController.m */; };
/* End PBXBuildFile section */

/* Begin PBXFileReference section */
		DF2A0B1516633B280010109F /* PacViewer.h */ = {isa = PBXFileReference; fileEncoding = 4; lastKnownFileType = sourcecode.c.h; path = PacViewer.h; sourceTree = "<group>"; };
		DF2A0B1616633B280010109F /* PacViewer.m */ = {isa = PBXFileReference; fileEncoding = 4; lastKnownFileType = sourcecode.c.objc; path = PacViewer.m; sourceTree = "<group>"; };
		DF367D771665BC180000907C /* CustomLog.h */ = {isa = PBXFileReference; fileEncoding = 4; lastKnownFileType = sourcecode.c.h; path = CustomLog.h; sourceTree = "<group>"; };
		DF367D781665BC180000907C /* CustomLog.m */ = {isa = PBXFileReference; fileEncoding = 4; lastKnownFileType = sourcecode.c.objc; path = CustomLog.m; sourceTree = "<group>"; };
		DFF21F4D165F423100E1C91B /* NCProxySwitcher */ = {isa = PBXFileReference; explicitFileType = "compiled.mach-o.dylib"; includeInIndex = 0; path = NCProxySwitcher; sourceTree = BUILT_PRODUCTS_DIR; };
		DFF21F50165F423100E1C91B /* Foundation.framework */ = {isa = PBXFileReference; lastKnownFileType = wrapper.framework; name = Foundation.framework; path = System/Library/Frameworks/Foundation.framework; sourceTree = SDKROOT; };
		DFF21F52165F423100E1C91B /* UIKit.framework */ = {isa = PBXFileReference; lastKnownFileType = wrapper.framework; name = UIKit.framework; path = System/Library/Frameworks/UIKit.framework; sourceTree = SDKROOT; };
		DFF21F57165F423100E1C91B /* control.txt */ = {isa = PBXFileReference; lastKnownFileType = text; name = control.txt; path = Package/DEBIAN/control.txt; sourceTree = "<group>"; };
		DFF21F58165F423100E1C91B /* control */ = {isa = PBXFileReference; lastKnownFileType = text; name = control; path = Package/DEBIAN/control; sourceTree = "<group>"; };
		DFF21F5A165F423100E1C91B /* PackageVersion.plist */ = {isa = PBXFileReference; lastKnownFileType = text.plist.xml; path = PackageVersion.plist; sourceTree = "<group>"; };
		DFF21F5B165F423100E1C91B /* NCProxySwitcher-Prefix.pch */ = {isa = PBXFileReference; lastKnownFileType = sourcecode.c.h; path = "NCProxySwitcher-Prefix.pch"; sourceTree = "<group>"; };
		DFF21F5C165F423100E1C91B /* NCProxySwitcherController.h */ = {isa = PBXFileReference; lastKnownFileType = sourcecode.c.h; path = NCProxySwitcherController.h; sourceTree = "<group>"; };
		DFF21F5D165F423100E1C91B /* NCProxySwitcherController.m */ = {isa = PBXFileReference; lastKnownFileType = sourcecode.c.objc; path = NCProxySwitcherController.m; sourceTree = "<group>"; };
		DFF21F63165F423100E1C91B /* Info.plist */ = {isa = PBXFileReference; lastKnownFileType = text.plist.xml; name = Info.plist; path = Package/System/Library/WeeAppPlugins/NCProxySwitcher.bundle/Info.plist; sourceTree = "<group>"; };
		DFF21F64165F423100E1C91B /* InfoPlist.strings */ = {isa = PBXFileReference; lastKnownFileType = text.plist.strings; name = InfoPlist.strings; path = Package/System/Library/WeeAppPlugins/NCProxySwitcher.bundle/InfoPlist.strings; sourceTree = "<group>"; };
		DFF21F65165F423100E1C91B /* WeeAppBackground@2x.png */ = {isa = PBXFileReference; lastKnownFileType = image.png; name = "WeeAppBackground@2x.png"; path = "Package/System/Library/WeeAppPlugins/NCProxySwitcher.bundle/WeeAppBackground@2x.png"; sourceTree = "<group>"; };
		DFF21F66165F423100E1C91B /* WeeAppBackground.png */ = {isa = PBXFileReference; lastKnownFileType = image.png; name = WeeAppBackground.png; path = Package/System/Library/WeeAppPlugins/NCProxySwitcher.bundle/WeeAppBackground.png; sourceTree = "<group>"; };
		DFF21F8F165F4DD100E1C91B /* var */ = {isa = PBXFileReference; lastKnownFileType = folder; name = var; path = Package/var; sourceTree = "<group>"; };
/* End PBXFileReference section */

/* Begin PBXFrameworksBuildPhase section */
		DFF21F49165F423100E1C91B /* Frameworks */ = {
			isa = PBXFrameworksBuildPhase;
			buildActionMask = 2147483647;
			files = (
				DFF21F51165F423100E1C91B /* Foundation.framework in Frameworks */,
				DFF21F53165F423100E1C91B /* UIKit.framework in Frameworks */,
			);
			runOnlyForDeploymentPostprocessing = 0;
		};
/* End PBXFrameworksBuildPhase section */

/* Begin PBXGroup section */
		DFF21F41165F423100E1C91B = {
			isa = PBXGroup;
			children = (
				DFF21F54165F423100E1C91B /* NCProxySwitcher */,
				DFF21F4F165F423100E1C91B /* Frameworks */,
				DFF21F4E165F423100E1C91B /* Products */,
			);
			sourceTree = "<group>";
		};
		DFF21F4E165F423100E1C91B /* Products */ = {
			isa = PBXGroup;
			children = (
				DFF21F4D165F423100E1C91B /* NCProxySwitcher */,
			);
			name = Products;
			sourceTree = "<group>";
		};
		DFF21F4F165F423100E1C91B /* Frameworks */ = {
			isa = PBXGroup;
			children = (
				DFF21F50165F423100E1C91B /* Foundation.framework */,
				DFF21F52165F423100E1C91B /* UIKit.framework */,
			);
			name = Frameworks;
			sourceTree = "<group>";
		};
		DFF21F54165F423100E1C91B /* NCProxySwitcher */ = {
			isa = PBXGroup;
			children = (
				DF367D771665BC180000907C /* CustomLog.h */,
				DF367D781665BC180000907C /* CustomLog.m */,
				DF2A0B1516633B280010109F /* PacViewer.h */,
				DF2A0B1616633B280010109F /* PacViewer.m */,
				DFF21F5C165F423100E1C91B /* NCProxySwitcherController.h */,
				DFF21F5D165F423100E1C91B /* NCProxySwitcherController.m */,
				DFF21F55165F423100E1C91B /* Package */,
				DFF21F59165F423100E1C91B /* Supporting Files */,
			);
			path = NCProxySwitcher;
			sourceTree = "<group>";
		};
		DFF21F55165F423100E1C91B /* Package */ = {
			isa = PBXGroup;
			children = (
				DFF21F56165F423100E1C91B /* DEBIAN */,
				DFF21F5F165F423100E1C91B /* System */,
				DFF21F8F165F4DD100E1C91B /* var */,
			);
			name = Package;
			sourceTree = "<group>";
		};
		DFF21F56165F423100E1C91B /* DEBIAN */ = {
			isa = PBXGroup;
			children = (
				DFF21F57165F423100E1C91B /* control.txt */,
				DFF21F58165F423100E1C91B /* control */,
			);
			name = DEBIAN;
			sourceTree = "<group>";
		};
		DFF21F59165F423100E1C91B /* Supporting Files */ = {
			isa = PBXGroup;
			children = (
				DFF21F5A165F423100E1C91B /* PackageVersion.plist */,
				DFF21F5B165F423100E1C91B /* NCProxySwitcher-Prefix.pch */,
			);
			name = "Supporting Files";
			sourceTree = "<group>";
		};
		DFF21F5F165F423100E1C91B /* System */ = {
			isa = PBXGroup;
			children = (
				DFF21F60165F423100E1C91B /* Library */,
			);
			name = System;
			sourceTree = "<group>";
		};
		DFF21F60165F423100E1C91B /* Library */ = {
			isa = PBXGroup;
			children = (
				DFF21F61165F423100E1C91B /* WeeAppPlugins */,
			);
			name = Library;
			sourceTree = "<group>";
		};
		DFF21F61165F423100E1C91B /* WeeAppPlugins */ = {
			isa = PBXGroup;
			children = (
				DFF21F62165F423100E1C91B /* ___PACKAGENAME___ */,
			);
			name = WeeAppPlugins;
			sourceTree = "<group>";
		};
		DFF21F62165F423100E1C91B /* ___PACKAGENAME___ */ = {
			isa = PBXGroup;
			children = (
				DFF21F63165F423100E1C91B /* Info.plist */,
				DFF21F64165F423100E1C91B /* InfoPlist.strings */,
				DFF21F65165F423100E1C91B /* WeeAppBackground@2x.png */,
				DFF21F66165F423100E1C91B /* WeeAppBackground.png */,
			);
			name = "___PACKAGENAME___";
			sourceTree = "<group>";
		};
/* End PBXGroup section */

/* Begin PBXHeadersBuildPhase section */
		DFF21F4A165F423100E1C91B /* Headers */ = {
			isa = PBXHeadersBuildPhase;
			buildActionMask = 2147483647;
			files = (
				DF2A0B1716633B280010109F /* PacViewer.h in Headers */,
				DF367D791665BC180000907C /* CustomLog.h in Headers */,
			);
			runOnlyForDeploymentPostprocessing = 0;
		};
/* End PBXHeadersBuildPhase section */

/* Begin PBXNativeTarget section */
		DFF21F4C165F423100E1C91B /* NCProxySwitcher */ = {
			isa = PBXNativeTarget;
			buildConfigurationList = DFF21F69165F423100E1C91B /* Build configuration list for PBXNativeTarget "NCProxySwitcher" */;
			buildPhases = (
				DFF21F48165F423100E1C91B /* Sources */,
				DFF21F49165F423100E1C91B /* Frameworks */,
				DFF21F4A165F423100E1C91B /* Headers */,
				DFF21F4B165F423100E1C91B /* ShellScript */,
			);
			buildRules = (
			);
			dependencies = (
			);
			name = NCProxySwitcher;
			productName = NCProxySwitcher;
			productReference = DFF21F4D165F423100E1C91B /* NCProxySwitcher */;
			productType = "com.apple.product-type.library.dynamic";
		};
/* End PBXNativeTarget section */

/* Begin PBXProject section */
		DFF21F43165F423100E1C91B /* Project object */ = {
			isa = PBXProject;
			attributes = {
				LastUpgradeCheck = 0450;
			};
			buildConfigurationList = DFF21F46165F423100E1C91B /* Build configuration list for PBXProject "NCProxySwitcher" */;
			compatibilityVersion = "Xcode 3.2";
			developmentRegion = English;
			hasScannedForEncodings = 0;
			knownRegions = (
				en,
			);
			mainGroup = DFF21F41165F423100E1C91B;
			productRefGroup = DFF21F4E165F423100E1C91B /* Products */;
			projectDirPath = "";
			projectRoot = "";
			targets = (
				DFF21F4C165F423100E1C91B /* NCProxySwitcher */,
			);
		};
/* End PBXProject section */

/* Begin PBXShellScriptBuildPhase section */
		DFF21F4B165F423100E1C91B /* ShellScript */ = {
			isa = PBXShellScriptBuildPhase;
			buildActionMask = 2147483647;
			files = (
			);
			inputPaths = (
			);
			outputPaths = (
			);
			runOnlyForDeploymentPostprocessing = 0;
			shellPath = /bin/sh;
			shellScript = "/opt/iOSOpenDev/bin/iosod --xcbp";
		};
/* End PBXShellScriptBuildPhase section */

/* Begin PBXSourcesBuildPhase section */
		DFF21F48165F423100E1C91B /* Sources */ = {
			isa = PBXSourcesBuildPhase;
			buildActionMask = 2147483647;
			files = (
				DFF21F5E165F423100E1C91B /* NCProxySwitcherController.m in Sources */,
				DF2A0B1816633B280010109F /* PacViewer.m in Sources */,
				DF367D7A1665BC180000907C /* CustomLog.m in Sources */,
			);
			runOnlyForDeploymentPostprocessing = 0;
		};
/* End PBXSourcesBuildPhase section */

/* Begin XCBuildConfiguration section */
		DFF21F67165F423100E1C91B /* Release */ = {
			isa = XCBuildConfiguration;
			buildSettings = {
				COPY_PHASE_STRIP = YES;
				EXCLUDED_RECURSIVE_SEARCH_PATH_SUBDIRECTORIES = "*.nib *.lproj *.gch (*) .DS_Store CVS .svn .git .hg *.xcodeproj *.xcode *.pbproj *.pbxproj";
				FRAMEWORK_SEARCH_PATHS = (
					"$(iOSOpenDevPath)/frameworks/**",
					"$(SDKROOT)/System/Library/PrivateFrameworks",
				);
				GCC_C_LANGUAGE_STANDARD = gnu99;
				GCC_WARN_ABOUT_MISSING_PROTOTYPES = YES;
				GCC_WARN_ABOUT_RETURN_TYPE = YES;
				GCC_WARN_UNUSED_VARIABLE = YES;
				HEADER_SEARCH_PATHS = "$(iOSOpenDevPath)/include/**";
				IPHONEOS_DEPLOYMENT_TARGET = 6.0;
				LIBRARY_SEARCH_PATHS = "$(iOSOpenDevPath)/lib/**";
				SDKROOT = iphoneos;
				TARGETED_DEVICE_FAMILY = "1,2";
				VALIDATE_PRODUCT = YES;
				iOSOpenDevPath = /opt/iOSOpenDev;
			};
			name = Release;
		};
		DFF21F68165F423100E1C91B /* Debug */ = {
			isa = XCBuildConfiguration;
			buildSettings = {
				COPY_PHASE_STRIP = NO;
				EXCLUDED_RECURSIVE_SEARCH_PATH_SUBDIRECTORIES = "*.nib *.lproj *.gch (*) .DS_Store CVS .svn .git .hg *.xcodeproj *.xcode *.pbproj *.pbxproj";
				FRAMEWORK_SEARCH_PATHS = (
					"$(iOSOpenDevPath)/frameworks/**",
					"$(SDKROOT)/System/Library/PrivateFrameworks",
				);
				GCC_C_LANGUAGE_STANDARD = gnu99;
				GCC_DYNAMIC_NO_PIC = NO;
				GCC_OPTIMIZATION_LEVEL = 0;
				GCC_PREPROCESSOR_DEFINITIONS = (
					"DEBUG=1",
					"$(inherited)",
				);
				GCC_SYMBOLS_PRIVATE_EXTERN = NO;
				GCC_WARN_ABOUT_MISSING_PROTOTYPES = YES;
				GCC_WARN_ABOUT_RETURN_TYPE = YES;
				GCC_WARN_UNUSED_VARIABLE = YES;
				HEADER_SEARCH_PATHS = "$(iOSOpenDevPath)/include/**";
				IPHONEOS_DEPLOYMENT_TARGET = 6.0;
				LIBRARY_SEARCH_PATHS = "$(iOSOpenDevPath)/lib/**";
				SDKROOT = iphoneos;
				TARGETED_DEVICE_FAMILY = "1,2";
				VALIDATE_PRODUCT = NO;
				iOSOpenDevPath = /opt/iOSOpenDev;
			};
			name = Debug;
		};
		DFF21F6A165F423100E1C91B /* Release */ = {
			isa = XCBuildConfiguration;
			buildSettings = {
				DYLIB_COMPATIBILITY_VERSION = 1;
				DYLIB_CURRENT_VERSION = 1;
				EXECUTABLE_EXTENSION = "";
				EXECUTABLE_NAME = NCProxySwitcher;
				GCC_PRECOMPILE_PREFIX_HEADER = YES;
				GCC_PREFIX_HEADER = "NCProxySwitcher/NCProxySwitcher-Prefix.pch";
				INSTALL_PATH = /System/Library/WeeAppPlugins/NCProxySwitcher.bundle;
				PRODUCT_NAME = "$(TARGET_NAME)";
				iOSOpenDevBuildPackageOnAnyBuild = NO;
				iOSOpenDevCopyOnBuild = NO;
				iOSOpenDevDevice = 172.20.10.1;
				iOSOpenDevInstallOnAnyBuild = NO;
				iOSOpenDevInstallOnProfiling = YES;
				iOSOpenDevRespringOnInstall = YES;
				iOSOpenDevUsePackageVersionPList = YES;
			};
			name = Release;
		};
		DFF21F6B165F423100E1C91B /* Debug */ = {
			isa = XCBuildConfiguration;
			buildSettings = {
				DYLIB_COMPATIBILITY_VERSION = 1;
				DYLIB_CURRENT_VERSION = 1;
				EXECUTABLE_EXTENSION = "";
				EXECUTABLE_NAME = NCProxySwitcher;
				GCC_PRECOMPILE_PREFIX_HEADER = YES;
				GCC_PREFIX_HEADER = "NCProxySwitcher/NCProxySwitcher-Prefix.pch";
				INSTALL_PATH = /System/Library/WeeAppPlugins/NCProxySwitcher.bundle;
				PRODUCT_NAME = "$(TARGET_NAME)";
				iOSOpenDevBuildPackageOnAnyBuild = NO;
				iOSOpenDevCopyOnBuild = NO;
				iOSOpenDevDevice = 172.20.10.1;
				iOSOpenDevInstallOnAnyBuild = NO;
				iOSOpenDevInstallOnProfiling = YES;
				iOSOpenDevRespringOnInstall = YES;
				iOSOpenDevUsePackageVersionPList = YES;
			};
			name = Debug;
		};
/* End XCBuildConfiguration section */

/* Begin XCConfigurationList section */
		DFF21F46165F423100E1C91B /* Build configuration list for PBXProject "NCProxySwitcher" */ = {
			isa = XCConfigurationList;
			buildConfigurations = (
				DFF21F67165F423100E1C91B /* Release */,
				DFF21F68165F423100E1C91B /* Debug */,
			);
			defaultConfigurationIsVisible = 0;
			defaultConfigurationName = Release;
		};
		DFF21F69165F423100E1C91B /* Build configuration list for PBXNativeTarget "NCProxySwitcher" */ = {
			isa = XCConfigurationList;
			buildConfigurations = (
				DFF21F6A165F423100E1C91B /* Release */,
				DFF21F6B165F423100E1C91B /* Debug */,
			);
			defaultConfigurationIsVisible = 0;
			defaultConfigurationName = Release;
		};
/* End XCConfigurationList section */
	};
	rootObject = DFF21F43165F423100E1C91B /* Project object */;
}
